
Microsoft Visual Studio Solution File, Format Version 12.00
# Visual Studio Version 17
VisualStudioVersion = 17.3.32819.101
MinimumVisualStudioVersion = 10.0.40219.1
Project("{9A19103F-16F7-4668-BE54-9A1E7A4F7556}") = "Planetary", "Planetary\Planetary.csproj", "{4F8ADFDA-77DA-4F6B-9CA9-F1A600186677}"
EndProject
Global
	GlobalSection(SolutionConfigurationPlatforms) = preSolution
		Debug|Any CPU = Debug|Any CPU
		Release|Any CPU = Release|Any CPU
	EndGlobalSection
	GlobalSection(ProjectConfigurationPlatforms) = postSolution
		{4F8ADFDA-77DA-4F6B-9CA9-F1A600186677}.Debug|Any CPU.ActiveCfg = Debug|Any CPU
		{4F8ADFDA-77DA-4F6B-9CA9-F1A600186677}.Debug|Any CPU.Build.0 = Debug|Any CPU
		{4F8ADFDA-77DA-4F6B-9CA9-F1A600186677}.Release|Any CPU.ActiveCfg = Release|Any CPU
		{4F8ADFDA-77DA-4F6B-9CA9-F1A600186677}.Release|Any CPU.Build.0 = Release|Any CPU
	EndGlobalSection
	GlobalSection(SolutionProperties) = preSolution
		HideSolutionNode = FALSE
	EndGlobalSection
	GlobalSection(ExtensibilityGlobals) = postSolution
		SolutionGuid = {E855CDB0-0705-4CD7-962B-6CC77E9857BE}
	EndGlobalSection
EndGlobal
